version: v2
locks:
  f/collectors/public_feed: c1ee3148f56e7071ab8e04833d00a92aef51b8312a3c179894ad0000e4f7857b
  f/config/source_registry: a0d33140db4c771c6be6e726348cc8a0d1982b0c29ad35b5148d8203c6ff9355
  f/flows/last30days_runner: 0d5d712edb9c1f7a0747fee6375e17cfef82d409c57b8dcc2304de063176fd98
  f/flows/research_candidate: 5d7ab309e289ce7cf76c42b4ca685e1bb6ca4b5f4d08d911a71cbd63c00bdb73
  f/flows/run_scheduled_scan: 774c83d21f2b16c04a64ee3c158cfe38a3276f494a6d1fb6f1fdb36d91602293
  f/flows/scan_adoption_deals: d64f771f470c90dad1961a4b8f44d70fb4677e3fc6a7b3ad909d9f2e1214d55e
